Microsoft Visual Studio Solution File, Format Version 12.00
Project("{FAE04EC0-301F-11D3-BF4B-00C04F79EFBC}") = "Energinet.DataHub.Ingestion.Synchronous.Application", "source\Energinet.DataHub.Ingestion.Synchronous.Application\Energinet.DataHub.Ingestion.Synchronous.Application.csproj", "{B3CC1EFC-DA6C-45F3-9AA6-D75FDBE1504B}"
EndProject
Project("{FAE04EC0-301F-11D3-BF4B-00C04F79EFBC}") = "Energinet.DataHub.Ingestion.Synchronous.Infrastructure", "source\Energinet.DataHub.Ingestion.Synchronous.Infrastructure\Energinet.DataHub.Ingestion.Synchronous.Infrastructure.csproj", "{4EA05C50-C0AE-4ACB-90BA-A4433A9A1C61}"
EndProject
Project("{FAE04EC0-301F-11D3-BF4B-00C04F79EFBC}") = "Energinet.DataHub.Ingestion.Synchronous.Tests", "source\Energinet.DataHub.Ingestion.Synchronous.Tests\Energinet.DataHub.Ingestion.Synchronous.Tests.csproj", "{68412EBF-701D-467D-8716-74269E171F41}"
EndProject
Project("{2150E333-8FDC-42A3-9474-1A3956D46DE8}") = "Hosts", "Hosts", "{832447E5-7A46-4381-817C-5D73A20510C2}"
EndProject
Project("{2150E333-8FDC-42A3-9474-1A3956D46DE8}") = "Tests", "Tests", "{05DE980B-A2A7-4235-AE53-3167E94699DD}"
EndProject
Project("{FAE04EC0-301F-11D3-BF4B-00C04F79EFBC}") = "Energinet.DataHub.Ingestion.Synchronous.AzureFunction", "source\Energinet.DataHub.Ingestion.Synchronous.AzureFunction\Energinet.DataHub.Ingestion.Synchronous.AzureFunction.csproj", "{CFF3CA5B-275C-4A0F-8CBA-8423B45A76CB}"
EndProject
Project("{2150E333-8FDC-42A3-9474-1A3956D46DE8}") = "GreenEnergyHub", "GreenEnergyHub", "{C76FB4A4-036E-4D0F-A1BB-75E985766670}"
EndProject
Project("{FAE04EC0-301F-11D3-BF4B-00C04F79EFBC}") = "GreenEnergyHub.Ingestion", "..\..\..\src\ingestion\GreenEnergyHub.Ingestion\source\GreenEnergyHub.Ingestion\GreenEnergyHub.Ingestion.csproj", "{A3F7CB99-33BF-4F53-B82E-C127C22EDBDB}"
EndProject
Project("{FAE04EC0-301F-11D3-BF4B-00C04F79EFBC}") = "GreenEnergyHub.Ingestion.Integration.ServiceCollection", "..\..\..\src\ingestion\GreenEnergyHub.Ingestion\source\GreenEnergyHub.Ingestion.Integration.ServiceCollection\GreenEnergyHub.Ingestion.Integration.ServiceCollection.csproj", "{F67348DE-0215-4662-9104-0ED1DF0D11D4}"
EndProject
Global
	GlobalSection(SolutionConfigurationPlatforms) = preSolution
		Debug|Any CPU = Debug|Any CPU
		Release|Any CPU = Release|Any CPU
	EndGlobalSection
	GlobalSection(ProjectConfigurationPlatforms) = postSolution
		{B3CC1EFC-DA6C-45F3-9AA6-D75FDBE1504B}.Debug|Any CPU.ActiveCfg = Debug|Any CPU
		{B3CC1EFC-DA6C-45F3-9AA6-D75FDBE1504B}.Debug|Any CPU.Build.0 = Debug|Any CPU
		{B3CC1EFC-DA6C-45F3-9AA6-D75FDBE1504B}.Release|Any CPU.ActiveCfg = Release|Any CPU
		{B3CC1EFC-DA6C-45F3-9AA6-D75FDBE1504B}.Release|Any CPU.Build.0 = Release|Any CPU
		{4EA05C50-C0AE-4ACB-90BA-A4433A9A1C61}.Debug|Any CPU.ActiveCfg = Debug|Any CPU
		{4EA05C50-C0AE-4ACB-90BA-A4433A9A1C61}.Debug|Any CPU.Build.0 = Debug|Any CPU
		{4EA05C50-C0AE-4ACB-90BA-A4433A9A1C61}.Release|Any CPU.ActiveCfg = Release|Any CPU
		{4EA05C50-C0AE-4ACB-90BA-A4433A9A1C61}.Release|Any CPU.Build.0 = Release|Any CPU
		{68412EBF-701D-467D-8716-74269E171F41}.Debug|Any CPU.ActiveCfg = Debug|Any CPU
		{68412EBF-701D-467D-8716-74269E171F41}.Debug|Any CPU.Build.0 = Debug|Any CPU
		{68412EBF-701D-467D-8716-74269E171F41}.Release|Any CPU.ActiveCfg = Release|Any CPU
		{68412EBF-701D-467D-8716-74269E171F41}.Release|Any CPU.Build.0 = Release|Any CPU
		{CFF3CA5B-275C-4A0F-8CBA-8423B45A76CB}.Debug|Any CPU.ActiveCfg = Debug|Any CPU
		{CFF3CA5B-275C-4A0F-8CBA-8423B45A76CB}.Debug|Any CPU.Build.0 = Debug|Any CPU
		{CFF3CA5B-275C-4A0F-8CBA-8423B45A76CB}.Release|Any CPU.ActiveCfg = Release|Any CPU
		{CFF3CA5B-275C-4A0F-8CBA-8423B45A76CB}.Release|Any CPU.Build.0 = Release|Any CPU
		{A3F7CB99-33BF-4F53-B82E-C127C22EDBDB}.Debug|Any CPU.ActiveCfg = Debug|Any CPU
		{A3F7CB99-33BF-4F53-B82E-C127C22EDBDB}.Debug|Any CPU.Build.0 = Debug|Any CPU
		{A3F7CB99-33BF-4F53-B82E-C127C22EDBDB}.Release|Any CPU.ActiveCfg = Release|Any CPU
		{A3F7CB99-33BF-4F53-B82E-C127C22EDBDB}.Release|Any CPU.Build.0 = Release|Any CPU
		{F67348DE-0215-4662-9104-0ED1DF0D11D4}.Debug|Any CPU.ActiveCfg = Debug|Any CPU
		{F67348DE-0215-4662-9104-0ED1DF0D11D4}.Debug|Any CPU.Build.0 = Debug|Any CPU
		{F67348DE-0215-4662-9104-0ED1DF0D11D4}.Release|Any CPU.ActiveCfg = Release|Any CPU
		{F67348DE-0215-4662-9104-0ED1DF0D11D4}.Release|Any CPU.Build.0 = Release|Any CPU
	EndGlobalSection
	GlobalSection(NestedProjects) = preSolution
		{68412EBF-701D-467D-8716-74269E171F41} = {05DE980B-A2A7-4235-AE53-3167E94699DD}
		{CFF3CA5B-275C-4A0F-8CBA-8423B45A76CB} = {832447E5-7A46-4381-817C-5D73A20510C2}
		{A3F7CB99-33BF-4F53-B82E-C127C22EDBDB} = {C76FB4A4-036E-4D0F-A1BB-75E985766670}
		{F67348DE-0215-4662-9104-0ED1DF0D11D4} = {C76FB4A4-036E-4D0F-A1BB-75E985766670}
	EndGlobalSection
EndGlobal
