Microsoft Visual Studio Solution File, Format Version 12.00
#
Project("{2150E333-8FDC-42A3-9474-1A3956D46DE8}") = "Hosts", "Hosts", "{832447E5-7A46-4381-817C-5D73A20510C2}"
EndProject
Project("{2150E333-8FDC-42A3-9474-1A3956D46DE8}") = "Tests", "Tests", "{05DE980B-A2A7-4235-AE53-3167E94699DD}"
EndProject
Project("{FAE04EC0-301F-11D3-BF4B-00C04F79EFBC}") = "Energinet.DataHub.SoapValidation.EntryPoint", "source\Energinet.DataHub.SoapValidation.EntryPoint\Energinet.DataHub.SoapValidation.EntryPoint.csproj", "{8525789C-B883-4EF9-98F2-81147DEAE25C}"
EndProject
Project("{FAE04EC0-301F-11D3-BF4B-00C04F79EFBC}") = "Energinet.DataHub.SoapValidation.Tests", "source\Energinet.DataHub.SoapValidation.Tests\Energinet.DataHub.SoapValidation.Tests.csproj", "{32DAB32F-1371-4654-B4D3-92C211680922}"
EndProject
Project("{FAE04EC0-301F-11D3-BF4B-00C04F79EFBC}") = "Energinet.DataHub.SoapValidation", "source\Energinet.DataHub.SoapValidation\Energinet.DataHub.SoapValidation.csproj", "{77F21686-6F9A-4673-B185-24A88A96C3A3}"
EndProject
Global
	GlobalSection(SolutionConfigurationPlatforms) = preSolution
		Debug|Any CPU = Debug|Any CPU
		Release|Any CPU = Release|Any CPU
	EndGlobalSection
	GlobalSection(ProjectConfigurationPlatforms) = postSolution
		{8525789C-B883-4EF9-98F2-81147DEAE25C}.Debug|Any CPU.ActiveCfg = Debug|Any CPU
		{8525789C-B883-4EF9-98F2-81147DEAE25C}.Debug|Any CPU.Build.0 = Debug|Any CPU
		{8525789C-B883-4EF9-98F2-81147DEAE25C}.Release|Any CPU.ActiveCfg = Release|Any CPU
		{8525789C-B883-4EF9-98F2-81147DEAE25C}.Release|Any CPU.Build.0 = Release|Any CPU
		{32DAB32F-1371-4654-B4D3-92C211680922}.Debug|Any CPU.ActiveCfg = Debug|Any CPU
		{32DAB32F-1371-4654-B4D3-92C211680922}.Debug|Any CPU.Build.0 = Debug|Any CPU
		{32DAB32F-1371-4654-B4D3-92C211680922}.Release|Any CPU.ActiveCfg = Release|Any CPU
		{32DAB32F-1371-4654-B4D3-92C211680922}.Release|Any CPU.Build.0 = Release|Any CPU
		{77F21686-6F9A-4673-B185-24A88A96C3A3}.Debug|Any CPU.ActiveCfg = Debug|Any CPU
		{77F21686-6F9A-4673-B185-24A88A96C3A3}.Debug|Any CPU.Build.0 = Debug|Any CPU
		{77F21686-6F9A-4673-B185-24A88A96C3A3}.Release|Any CPU.ActiveCfg = Release|Any CPU
		{77F21686-6F9A-4673-B185-24A88A96C3A3}.Release|Any CPU.Build.0 = Release|Any CPU
	EndGlobalSection
	GlobalSection(NestedProjects) = preSolution
		{8525789C-B883-4EF9-98F2-81147DEAE25C} = {832447E5-7A46-4381-817C-5D73A20510C2}
		{32DAB32F-1371-4654-B4D3-92C211680922} = {05DE980B-A2A7-4235-AE53-3167E94699DD}
	EndGlobalSection
EndGlobal
