Microsoft Visual Studio Solution File, Format Version 12.00
#
Project("{FAE04EC0-301F-11D3-BF4B-00C04F79EFBC}") = "GreenEnergyHub.Messaging", "source\GreenEnergyHub.Messaging\GreenEnergyHub.Messaging.csproj", "{B3CC1EFC-DA6C-45F3-9AA6-D75FDBE1504B}"
EndProject
Project("{FAE04EC0-301F-11D3-BF4B-00C04F79EFBC}") = "GreenEnergyHub.Messaging.Infrastructure", "source\GreenEnergyHub.Messaging.Integration.ServiceCollection\GreenEnergyHub.Messaging.Integration.ServiceCollection.csproj", "{4EA05C50-C0AE-4ACB-90BA-A4433A9A1C61}"
EndProject
Project("{FAE04EC0-301F-11D3-BF4B-00C04F79EFBC}") = "GreenEnergyHub.Messaging.Tests", "source\GreenEnergyHub.Messaging.Tests\GreenEnergyHub.Messaging.Tests.csproj", "{68412EBF-701D-467D-8716-74269E171F41}"
EndProject
Project("{2150E333-8FDC-42A3-9474-1A3956D46DE8}") = "Tests", "Tests", "{05DE980B-A2A7-4235-AE53-3167E94699DD}"
EndProject
Global
	GlobalSection(SolutionConfigurationPlatforms) = preSolution
		Debug|Any CPU = Debug|Any CPU
		Release|Any CPU = Release|Any CPU
	EndGlobalSection
	GlobalSection(ProjectConfigurationPlatforms) = postSolution
		{B3CC1EFC-DA6C-45F3-9AA6-D75FDBE1504B}.Debug|Any CPU.ActiveCfg = Debug|Any CPU
		{B3CC1EFC-DA6C-45F3-9AA6-D75FDBE1504B}.Debug|Any CPU.Build.0 = Debug|Any CPU
		{B3CC1EFC-DA6C-45F3-9AA6-D75FDBE1504B}.Release|Any CPU.ActiveCfg = Release|Any CPU
		{B3CC1EFC-DA6C-45F3-9AA6-D75FDBE1504B}.Release|Any CPU.Build.0 = Release|Any CPU
		{4EA05C50-C0AE-4ACB-90BA-A4433A9A1C61}.Debug|Any CPU.ActiveCfg = Debug|Any CPU
		{4EA05C50-C0AE-4ACB-90BA-A4433A9A1C61}.Debug|Any CPU.Build.0 = Debug|Any CPU
		{4EA05C50-C0AE-4ACB-90BA-A4433A9A1C61}.Release|Any CPU.ActiveCfg = Release|Any CPU
		{4EA05C50-C0AE-4ACB-90BA-A4433A9A1C61}.Release|Any CPU.Build.0 = Release|Any CPU
		{68412EBF-701D-467D-8716-74269E171F41}.Debug|Any CPU.ActiveCfg = Debug|Any CPU
		{68412EBF-701D-467D-8716-74269E171F41}.Debug|Any CPU.Build.0 = Debug|Any CPU
		{68412EBF-701D-467D-8716-74269E171F41}.Release|Any CPU.ActiveCfg = Release|Any CPU
		{68412EBF-701D-467D-8716-74269E171F41}.Release|Any CPU.Build.0 = Release|Any CPU
	EndGlobalSection
	GlobalSection(NestedProjects) = preSolution
		{68412EBF-701D-467D-8716-74269E171F41} = {05DE980B-A2A7-4235-AE53-3167E94699DD}
	EndGlobalSection
EndGlobal
